
Microsoft Visual Studio Solution File, Format Version 12.00
# Visual Studio Version 16
VisualStudioVersion = 16.0.30503.244
MinimumVisualStudioVersion = 10.0.40219.1
Project("{888888A0-9F3D-457C-B088-3A5042F75D52}") = "HelloworldPython", "HelloworldPython\HelloworldPython.pyproj", "{6FCD6C65-38D0-47F4-AD7A-DBEC8C6559F0}"
EndProject
Global
	GlobalSection(SolutionConfigurationPlatforms) = preSolution
		Debug|Any CPU = Debug|Any CPU
		Release|Any CPU = Release|Any CPU
	EndGlobalSection
	GlobalSection(ProjectConfigurationPlatforms) = postSolution
		{6FCD6C65-38D0-47F4-AD7A-DBEC8C6559F0}.Debug|Any CPU.ActiveCfg = Debug|Any CPU
		{6FCD6C65-38D0-47F4-AD7A-DBEC8C6559F0}.Release|Any CPU.ActiveCfg = Release|Any CPU
	EndGlobalSection
	GlobalSection(SolutionProperties) = preSolution
		HideSolutionNode = FALSE
	EndGlobalSection
	GlobalSection(ExtensibilityGlobals) = postSolution
		SolutionGuid = {9DAD89DD-BB61-4D60-A7FB-0F1E5D467B0D}
	EndGlobalSection
EndGlobal
